
Microsoft Visual Studio Solution File, Format Version 12.00
# Visual Studio Version 17
VisualStudioVersion = 17.7.34031.279
MinimumVisualStudioVersion = 10.0.40219.1
Project("{9A19103F-16F7-4668-BE54-9A1E7A4F7556}") = "EventLink", "EventLink\EventLink.csproj", "{19A937F1-A72B-447B-BC4D-F4421B9E0EFC}"
EndProject
Project("{FAE04EC0-301F-11D3-BF4B-00C04F79EFBC}") = "TestProjectEventLink", "TestProjectEventLink\TestProjectEventLink.csproj", "{378CE963-C0C5-44B2-BC02-DF9D3442B376}"
EndProject
Global
	GlobalSection(SolutionConfigurationPlatforms) = preSolution
		Debug|Any CPU = Debug|Any CPU
		Release|Any CPU = Release|Any CPU
	EndGlobalSection
	GlobalSection(ProjectConfigurationPlatforms) = postSolution
		{19A937F1-A72B-447B-BC4D-F4421B9E0EFC}.Debug|Any CPU.ActiveCfg = Debug|Any CPU
		{19A937F1-A72B-447B-BC4D-F4421B9E0EFC}.Debug|Any CPU.Build.0 = Debug|Any CPU
		{19A937F1-A72B-447B-BC4D-F4421B9E0EFC}.Release|Any CPU.ActiveCfg = Release|Any CPU
		{19A937F1-A72B-447B-BC4D-F4421B9E0EFC}.Release|Any CPU.Build.0 = Release|Any CPU
		{378CE963-C0C5-44B2-BC02-DF9D3442B376}.Debug|Any CPU.ActiveCfg = Debug|Any CPU
		{378CE963-C0C5-44B2-BC02-DF9D3442B376}.Debug|Any CPU.Build.0 = Debug|Any CPU
		{378CE963-C0C5-44B2-BC02-DF9D3442B376}.Release|Any CPU.ActiveCfg = Release|Any CPU
		{378CE963-C0C5-44B2-BC02-DF9D3442B376}.Release|Any CPU.Build.0 = Release|Any CPU
	EndGlobalSection
	GlobalSection(SolutionProperties) = preSolution
		HideSolutionNode = FALSE
	EndGlobalSection
	GlobalSection(ExtensibilityGlobals) = postSolution
		SolutionGuid = {D2FE7806-0F0A-4467-9109-D0BD1428F49F}
	EndGlobalSection
EndGlobal
